{
  "nodes": {
    "nixpkgs": {
      "locked": {
        "lastModified": 1784356753,
        "narHash": "sha256-12KrbMiWLcf8m7pCvAtZh1ZrgF85ZXDXvfR/fWTKy84=",
        "owner": "nixos",
        "repo": "nixpkgs",
        "rev": "61b7c44c4073f0b827768aff0049561b5110ea5a",
        "type": "github"
      },
      "original": {
        "owner": "nixos",
        "ref": "nixos-unstable",
        "repo": "nixpkgs",
        "type": "github"
      }
    },
    "root": {
      "inputs": {
        "nixpkgs": "nixpkgs",
        "sherpa-onnx": "sherpa-onnx"
      }
    },
    "sherpa-onnx": {
      "inputs": {
        "nixpkgs": [
          "nixpkgs"
        ]
      },
      "locked": {
        "lastModified": 1785564218,
        "narHash": "sha256-B1/qLagKXemMgyrmd7RqPEgz2polrZMUkeBT1dv3hso=",
        "owner": "xifan2333",
        "repo": "sherpa-onnx-flake",
        "rev": "a8ef134239c923420becfa6870538dcc8e9c8eb8",
        "type": "github"
      },
      "original": {
        "owner": "xifan2333",
        "repo": "sherpa-onnx-flake",
        "type": "github"
      }
    }
  },
  "root": "root",
  "version": 7
}
